
Microsoft Visual Studio Solution File, Format Version 12.00
# Visual Studio Version 17
VisualStudioVersion = 17.5.33530.505
MinimumVisualStudioVersion = 10.0.40219.1
Project("{FAE04EC0-301F-11D3-BF4B-00C04F79EFBC}") = "GukoPendulum", "GukoPendulum\GukoPendulum.csproj", "{3EFE16D7-D7DF-4F93-A4C5-254A2B44BD64}"
EndProject
Global
	GlobalSection(SolutionConfigurationPlatforms) = preSolution
		Debug|Any CPU = Debug|Any CPU
		Release|Any CPU = Release|Any CPU
	EndGlobalSection
	GlobalSection(ProjectConfigurationPlatforms) = postSolution
		{3EFE16D7-D7DF-4F93-A4C5-254A2B44BD64}.Debug|Any CPU.ActiveCfg = Debug|Any CPU
		{3EFE16D7-D7DF-4F93-A4C5-254A2B44BD64}.Debug|Any CPU.Build.0 = Debug|Any CPU
		{3EFE16D7-D7DF-4F93-A4C5-254A2B44BD64}.Release|Any CPU.ActiveCfg = Release|Any CPU
		{3EFE16D7-D7DF-4F93-A4C5-254A2B44BD64}.Release|Any CPU.Build.0 = Release|Any CPU
	EndGlobalSection
	GlobalSection(SolutionProperties) = preSolution
		HideSolutionNode = FALSE
	EndGlobalSection
	GlobalSection(ExtensibilityGlobals) = postSolution
		SolutionGuid = {C374A6E9-B314-448C-9355-F41B22EB48BC}
	EndGlobalSection
EndGlobal
